{
    "_meta": {
        "hash": {
            "sha256": "4e2d262cd3659293a48df8c2cca2e8426405f011be8c83a240b4a4db4214cf2c"
        },
        "pipfile-spec": 6,
        "requires": {
            "python_version": "3.12.7"
        },
        "sources": [
            {
                "name": "pypi",
                "url": "https://pypi.org/simple",
                "verify_ssl": true
            }
        ]
    },
    "default": {
        "click": {
            "hashes": [
                "sha256:ae74fb96c20a0277a1d615f1e4d73c8414f5a98db8b799a7931d1582f3390c28",
                "sha256:ca9853ad459e787e2192211578cc907e7594e294c7ccc834310722b41b9ca6de"
            ],
            "markers": "python_version >= '3.7'",
            "version": "==8.1.7"
        },
        "joblib": {
            "hashes": [
                "sha256:06d478d5674cbc267e7496a410ee875abd68e4340feff4490bcb7afb88060ae6",
                "sha256:2382c5816b2636fbd20a09e0f4e9dad4736765fdfb7dca582943b9c1366b3f0e"
            ],
            "index": "pypi",
            "markers": "python_version >= '3.8'",
            "version": "==1.4.2"
        },
        "levenshtein": {
            "hashes": [
                "sha256:04b7cabb82edf566b1579b3ed60aac0eec116655af75a3c551fee8754ffce2ea",
                "sha256:07227281e12071168e6ae59238918a56d2a0682e529f747b5431664f302c0b42",
                "sha256:0ae7cd6e4312c6ef34b2e273836d18f9fff518d84d823feff5ad7c49668256e0",
                "sha256:0d19ba22330d50609b2349021ec3cf7d905c6fe21195a2d0d876a146e7ed2575",
                "sha256:0eb3059f826f6cb0a5bca4a85928070f01e8202e7ccafcba94453470f83e49d4",
                "sha256:1010814b1d7a60833a951f2756dfc5c10b61d09976ce96a0edae8fecdfb0ea7c",
                "sha256:13946e37323728695ba7a22f3345c2e907d23f4600bc700bf9b4352fb0c72a48",
                "sha256:18f00a3eebf68a82fb651d8d0e810c10bfaa60c555d21dde3ff81350c74fb4c2",
                "sha256:219c30be6aa734bf927188d1208b7d78d202a3eb017b1c5f01ab2034d2d4ccca",
                "sha256:2532f8a13b68bf09f152d906f118a88da2063da22f44c90e904b142b0a53d534",
                "sha256:270d36c5da04a0d89990660aea8542227cbd8f5bc34e9fdfadd34916ff904520",
                "sha256:2c23e749b68ebc9a20b9047317b5cd2053b5856315bc8636037a8adcbb98bed1",
                "sha256:3351ddb105ef010cc2ce474894c5d213c83dddb7abb96400beaa4926b0b745bd",
                "sha256:33e2517e8d3c221de2d1183f400aed64211fcfc77077b291ed9f3bb64f141cdc",
                "sha256:33fa329d1bb65ce85e83ceda281aea31cee9f2f6e167092cea54f922080bcc66",
                "sha256:3535ecfd88c9b283976b5bc61265855f59bba361881e92ed2b5367b6990c93fe",
                "sha256:397e245e77f87836308bd56305bba630010cd8298c34c4c44bd94990cdb3b7b1",
                "sha256:42d6fa242e3b310ce6bfd5af0c83e65ef10b608b885b3bb69863c01fb2fcff98",
                "sha256:44c51f5d33b3cfb9db518b36f1288437a509edd82da94c4400f6a681758e0cb6",
                "sha256:480674c05077eeb0b0f748546d4fcbb386d7c737f9fff0010400da3e8b552942",
                "sha256:48825c9f967f922061329d1481b70e9fee937fc68322d6979bc623f69f75bc91",
                "sha256:488a945312f2f16460ab61df5b4beb1ea2254c521668fd142ce6298006296c98",
                "sha256:4e9de292f2c51a7d34a0ae23bec05391b8f61f35781cd3e4c6d0533e06250c55",
                "sha256:4f052c55046c2a9c9b5f742f39e02fa6e8db8039048b8c1c9e9fdd27c8a240a1",
                "sha256:51ba374de7a1797d04a14a4f0ad3602d2d71fef4206bb20a6baaa6b6a502da58",
                "sha256:55b1024516c59df55f1cf1a8651659a568f2c5929d863d3da1ce8893753153bd",
                "sha256:56b93203e725f9df660e2afe3d26ba07d71871b6d6e05b8b767e688e23dfb076",
                "sha256:69229d651c97ed5b55b7ce92481ed00635cdbb80fbfb282a22636e6945dc52d5",
                "sha256:6c389e44da12d6fb1d7ba0a709a32a96c9391e9be4160ccb9269f37e040599ee",
                "sha256:6cf8f1efaf90ca585640c5d418c30b7d66d9ac215cee114593957161f63acde0",
                "sha256:6f53f9173ae21b650b4ed8aef1d0ad0c37821f367c221a982f4d2922b3044e0d",
                "sha256:790374a9f5d2cbdb30ee780403a62e59bef51453ac020668c1564d1e43438f0e",
                "sha256:798f2b525a2e90562f1ba9da21010dde0d73730e277acaa5c52d2a6364fd3e2a",
                "sha256:79dcd157046d62482a7719b08ba9e3ce9ed3fc5b015af8ea989c734c702aedd4",
                "sha256:79dd6ad799784ea7b23edd56e3bf94b3ca866c4c6dee845658ee75bb4aefdabf",
                "sha256:7b05c0415c386d00efda83d48db9db68edd02878d6dbc6df01194f12062be1bb",
                "sha256:7b50c3620ff47c9887debbb4c154aaaac3e46be7fc2e5789ee8dbe128bce6a17",
                "sha256:7e82f2ea44a81ad6b30d92a110e04cd3c8c7c6034b629aca30a3067fa174ae89",
                "sha256:8191241cd8934feaf4d05d0cc0e5e72877cbb17c53bbf8c92af9f1aedaa247e9",
                "sha256:81c57e1135c38c5e6e3675b5e2077d8a8d3be32bf0a46c57276c092b1dffc697",
                "sha256:821ace3b4e1c2e02b43cf5dc61aac2ea43bdb39837ac890919c225a2c3f2fea4",
                "sha256:8adcc90e3a5bfb0a463581d85e599d950fe3c2938ac6247b29388b64997f6e2d",
                "sha256:8dc4a4aecad538d944a1264c12769c99e3c0bf8e741fc5e454cc954913befb2e",
                "sha256:8f80dd7432d4b6cf493d012d22148db7af769017deb31273e43406b1fb7f091c",
                "sha256:90236e93d98bdfd708883a6767826fafd976dac8af8fc4a0fb423d4fa08e1bf0",
                "sha256:9092b622765c7649dd1d8af0f43354723dd6f4e570ac079ffd90b41033957438",
                "sha256:91d5e7d984891df3eff7ea9fec8cf06fdfacc03cd074fd1a410435706f73b079",
                "sha256:9895b3a98f6709e293615fde0dcd1bb0982364278fa2072361a1a31b3e388b7a",
                "sha256:9d12c8390f156745e533d01b30773b9753e41d8bbf8bf9dac4b97628cdf16314",
                "sha256:9d87215113259efdca8716e53b6d59ab6d6009e119d95d45eccc083148855f33",
                "sha256:9e70d7ee157a9b698c73014f6e2b160830e7d2d64d2e342fefc3079af3c356fc",
                "sha256:9f942104adfddd4b336c3997050121328c39479f69de702d7d144abb69ea7ab9",
                "sha256:9fb859da90262eb474c190b3ca1e61dee83add022c676520f5c05fdd60df902a",
                "sha256:a19862e3539a697df722a08793994e334cd12791e8144851e8a1dee95a17ff63",
                "sha256:a323161dfeeac6800eb13cfe76a8194aec589cd948bcf1cdc03f66cc3ec26b72",
                "sha256:a3777de1d8bfca054465229beed23994f926311ce666f5a392c8859bb2722f16",
                "sha256:ae382af8c76f6d2a040c0d9ca978baf461702ceb3f79a0a3f6da8d596a484c5b",
                "sha256:aeff6ea3576f72e26901544c6c55c72a7b79b9983b6f913cba0e9edbf2f87a97",
                "sha256:b01061d377d1944eb67bc40bef5d4d2f762c6ab01598efd9297ce5d0047eb1b5",
                "sha256:b3554c1b59de63d05075577380340c185ff41b028e541c0888fddab3c259a2b4",
                "sha256:b817376de4195a207cc0e4ca37754c0e1e1078c2a2d35a6ae502afde87212f9e",
                "sha256:b8b68295808893a81e0a1dbc2274c30dd90880f14d23078e8eb4325ee615fc68",
                "sha256:b952b3732c4631c49917d4b15d78cb4a2aa006c1d5c12e2a23ba8e18a307a055",
                "sha256:bb6c7347424a91317c5e1b68041677e4c8ed3e7823b5bbaedb95bffb3c3497ea",
                "sha256:c1d8f85b2672939f85086ed75effcf768f6077516a3e299c2ba1f91bc4644c22",
                "sha256:c2599407e029865dc66d210b8804c7768cbdbf60f061d993bb488d5242b0b73e",
                "sha256:c3114586032361722ddededf28401ce5baf1cf617f9f49fb86b8766a45a423ff",
                "sha256:cc741ca406d3704dc331a69c04b061fc952509a069b79cab8287413f434684bd",
                "sha256:ceb673f572d1d0dc9b1cd75792bb8bad2ae8eb78a7c6721e23a3867d318cb6f2",
                "sha256:d5b2953978b8c158dd5cd93af8216a5cfddbf9de66cf5481c2955f44bb20767a",
                "sha256:d8ec137170b95736842f99c0e7a9fd8f5641d0c1b63b08ce027198545d983e2b",
                "sha256:dc3b5a64f57c3c078d58b1e447f7d68cad7ae1b23abe689215d03fc434f8f176",
                "sha256:dc54ced948fc3feafce8ad4ba4239d8ffc733a0d70e40c0363ac2a7ab2b7251e",
                "sha256:dcdad740e841d791b805421c2b20e859b4ed556396d3063b3aa64cd055be648c",
                "sha256:e07afb1613d6f5fd99abd4e53ad3b446b4efaa0f0d8e9dfb1d6d1b9f3f884d32",
                "sha256:e1e83af732726987d2c4cd736f415dae8b966ba17b7a2239c8b7ffe70bfb5543",
                "sha256:e4370733967f5994ceeed8dc211089bedd45832ee688cecea17bfd35a9eb22b9",
                "sha256:e52575cbc6b9764ea138a6f82d73d3b1bc685fe62e207ff46a963d4c773799f6",
                "sha256:e6516f69213ae393a220e904332f1a6bfc299ba22cf27a6520a1663a08eba0fb",
                "sha256:ec108f368c12b25787c8b1a4537a1452bc53861c3ee4abc810cc74098278edcd",
                "sha256:f1add8f1d83099a98ae4ac472d896b7e36db48c39d3db25adf12b373823cdeff",
                "sha256:f3956f3c5c229257dbeabe0b6aacd2c083ebcc1e335842a6ff2217fe6cc03b6b",
                "sha256:f48abff54054b4142ad03b323e80aa89b1d15cabc48ff49eb7a6ff7621829a56",
                "sha256:f4cfea4eada1746d0c75a864bc7e9e63d4a6e987c852d6cec8d9cb0c83afe25b",
                "sha256:f7aa5c3327dda4ef952769bacec09c09ff5bf426e07fdc94478c37955681885b",
                "sha256:f92694c9396f55d4c91087efacf81297bef152893806fc54c289fc0254b45384",
                "sha256:fc16796c85d7d8b259881d59cc8b5e22e940901928c2ff6924b2c967924e8a0b",
                "sha256:fd091209798cfdce53746f5769987b4108fe941c54fb2e058c016ffc47872918"
            ],
            "markers": "python_version >= '3.9'",
            "version": "==0.26.1"
        },
        "nltk": {
            "hashes": [
                "sha256:4fa26829c5b00715afe3061398a8989dc643b92ce7dd93fb4585a70930d168a1",
                "sha256:87d127bd3de4bd89a4f81265e5fa59cb1b199b27440175370f7417d2bc7ae868"
            ],
            "index": "pypi",
            "markers": "python_version >= '3.8'",
            "version": "==3.9.1"
        },
        "numpy": {
            "hashes": [
                "sha256:016d0f6f5e77b0f0d45d77387ffa4bb89816b57c835580c3ce8e099ef830befe",
                "sha256:02135ade8b8a84011cbb67dc44e07c58f28575cf9ecf8ab304e51c05528c19f0",
                "sha256:08788d27a5fd867a663f6fc753fd7c3ad7e92747efc73c53bca2f19f8bc06f48",
                "sha256:0d30c543f02e84e92c4b1f415b7c6b5326cbe45ee7882b6b77db7195fb971e3a",
                "sha256:0fa14563cc46422e99daef53d725d0c326e99e468a9320a240affffe87852564",
                "sha256:13138eadd4f4da03074851a698ffa7e405f41a0845a6b1ad135b81596e4e9958",
                "sha256:14e253bd43fc6b37af4921b10f6add6925878a42a0c5fe83daee390bca80bc17",
                "sha256:15cb89f39fa6d0bdfb600ea24b250e5f1a3df23f901f51c8debaa6a5d122b2f0",
                "sha256:17ee83a1f4fef3c94d16dc1802b998668b5419362c8a4f4e8a491de1b41cc3ee",
                "sha256:2312b2aa89e1f43ecea6da6ea9a810d06aae08321609d8dc0d0eda6d946a541b",
                "sha256:2564fbdf2b99b3f815f2107c1bbc93e2de8ee655a69c261363a1172a79a257d4",
                "sha256:3522b0dfe983a575e6a9ab3a4a4dfe156c3e428468ff08ce582b9bb6bd1d71d4",
                "sha256:4394bc0dbd074b7f9b52024832d16e019decebf86caf909d94f6b3f77a8ee3b6",
                "sha256:45966d859916ad02b779706bb43b954281db43e185015df6eb3323120188f9e4",
                "sha256:4d1167c53b93f1f5d8a139a742b3c6f4d429b54e74e6b57d0eff40045187b15d",
                "sha256:4f2015dfe437dfebbfce7c85c7b53d81ba49e71ba7eadbf1df40c915af75979f",
                "sha256:50ca6aba6e163363f132b5c101ba078b8cbd3fa92c7865fd7d4d62d9779ac29f",
                "sha256:50d18c4358a0a8a53f12a8ba9d772ab2d460321e6a93d6064fc22443d189853f",
                "sha256:5641516794ca9e5f8a4d17bb45446998c6554704d888f86df9b200e66bdcce56",
                "sha256:576a1c1d25e9e02ed7fa5477f30a127fe56debd53b8d2c89d5578f9857d03ca9",
                "sha256:6a4825252fcc430a182ac4dee5a505053d262c807f8a924603d411f6718b88fd",
                "sha256:72dcc4a35a8515d83e76b58fdf8113a5c969ccd505c8a946759b24e3182d1f23",
                "sha256:747641635d3d44bcb380d950679462fae44f54b131be347d5ec2bce47d3df9ed",
                "sha256:762479be47a4863e261a840e8e01608d124ee1361e48b96916f38b119cfda04a",
                "sha256:78574ac2d1a4a02421f25da9559850d59457bac82f2b8d7a44fe83a64f770098",
                "sha256:825656d0743699c529c5943554d223c021ff0494ff1442152ce887ef4f7561a1",
                "sha256:8637dcd2caa676e475503d1f8fdb327bc495554e10838019651b76d17b98e512",
                "sha256:96fe52fcdb9345b7cd82ecd34547fca4321f7656d500eca497eb7ea5a926692f",
                "sha256:973faafebaae4c0aaa1a1ca1ce02434554d67e628b8d805e61f874b84e136b09",
                "sha256:996bb9399059c5b82f76b53ff8bb686069c05acc94656bb259b1d63d04a9506f",
                "sha256:a38c19106902bb19351b83802531fea19dee18e5b37b36454f27f11ff956f7fc",
                "sha256:a6b46587b14b888e95e4a24d7b13ae91fa22386c199ee7b418f449032b2fa3b8",
                "sha256:a9f7f672a3388133335589cfca93ed468509cb7b93ba3105fce780d04a6576a0",
                "sha256:aa08e04e08aaf974d4458def539dece0d28146d866a39da5639596f4921fd761",
                "sha256:b0df3635b9c8ef48bd3be5f862cf71b0a4716fa0e702155c45067c6b711ddcef",
                "sha256:b47fbb433d3260adcd51eb54f92a2ffbc90a4595f8970ee00e064c644ac788f5",
                "sha256:baed7e8d7481bfe0874b566850cb0b85243e982388b7b23348c6db2ee2b2ae8e",
                "sha256:bc6f24b3d1ecc1eebfbf5d6051faa49af40b03be1aaa781ebdadcbc090b4539b",
                "sha256:c006b607a865b07cd981ccb218a04fc86b600411d83d6fc261357f1c0966755d",
                "sha256:c181ba05ce8299c7aa3125c27b9c2167bca4a4445b7ce73d5febc411ca692e43",
                "sha256:c7662f0e3673fe4e832fe07b65c50342ea27d989f92c80355658c7f888fcc83c",
                "sha256:c80e4a09b3d95b4e1cac08643f1152fa71a0a821a2d4277334c88d54b2219a41",
                "sha256:c894b4305373b9c5576d7a12b473702afdf48ce5369c074ba304cc5ad8730dff",
                "sha256:d7aac50327da5d208db2eec22eb11e491e3fe13d22653dce51b0f4109101b408",
                "sha256:d89dd2b6da69c4fff5e39c28a382199ddedc3a5be5390115608345dec660b9e2",
                "sha256:d9beb777a78c331580705326d2367488d5bc473b49a9bc3036c154832520aca9",
                "sha256:dc258a761a16daa791081d026f0ed4399b582712e6fc887a95af09df10c5ca57",
                "sha256:e14e26956e6f1696070788252dcdff11b4aca4c3e8bd166e0df1bb8f315a67cb",
                "sha256:e6988e90fcf617da2b5c78902fe8e668361b43b4fe26dbf2d7b0f8034d4cafb9",
                "sha256:e711e02f49e176a01d0349d82cb5f05ba4db7d5e7e0defd026328e5cfb3226d3",
                "sha256:ea4dedd6e394a9c180b33c2c872b92f7ce0f8e7ad93e9585312b0c5a04777a4a",
                "sha256:ecc76a9ba2911d8d37ac01de72834d8849e55473457558e12995f4cd53e778e0",
                "sha256:f55ba01150f52b1027829b50d70ef1dafd9821ea82905b63936668403c3b471e",
                "sha256:f653490b33e9c3a4c1c01d41bc2aef08f9475af51146e4a7710c450cf9761598",
                "sha256:fa2d1337dc61c8dc417fbccf20f6d1e139896a30721b7f1e832b2bb6ef4eb6c4"
            ],
            "index": "pypi",
            "markers": "python_version >= '3.10'",
            "version": "==2.1.3"
        },
        "pandas": {
            "hashes": [
                "sha256:062309c1b9ea12a50e8ce661145c6aab431b1e99530d3cd60640e255778bd43a",
                "sha256:15c0e1e02e93116177d29ff83e8b1619c93ddc9c49083f237d4312337a61165d",
                "sha256:1948ddde24197a0f7add2bdc4ca83bf2b1ef84a1bc8ccffd95eda17fd836ecb5",
                "sha256:1db71525a1538b30142094edb9adc10be3f3e176748cd7acc2240c2f2e5aa3a4",
                "sha256:22a9d949bfc9a502d320aa04e5d02feab689d61da4e7764b62c30b991c42c5f0",
                "sha256:29401dbfa9ad77319367d36940cd8a0b3a11aba16063e39632d98b0e931ddf32",
                "sha256:31d0ced62d4ea3e231a9f228366919a5ea0b07440d9d4dac345376fd8e1477ea",
                "sha256:3508d914817e153ad359d7e069d752cdd736a247c322d932eb89e6bc84217f28",
                "sha256:37e0aced3e8f539eccf2e099f65cdb9c8aa85109b0be6e93e2baff94264bdc6f",
                "sha256:381175499d3802cde0eabbaf6324cce0c4f5d52ca6f8c377c29ad442f50f6348",
                "sha256:38cf8125c40dae9d5acc10fa66af8ea6fdf760b2714ee482ca691fc66e6fcb18",
                "sha256:3b71f27954685ee685317063bf13c7709a7ba74fc996b84fc6821c59b0f06468",
                "sha256:3fc6873a41186404dad67245896a6e440baacc92f5b716ccd1bc9ed2995ab2c5",
                "sha256:4850ba03528b6dd51d6c5d273c46f183f39a9baf3f0143e566b89450965b105e",
                "sha256:4f18ba62b61d7e192368b84517265a99b4d7ee8912f8708660fb4a366cc82667",
                "sha256:56534ce0746a58afaf7942ba4863e0ef81c9c50d3f0ae93e9497d6a41a057645",
                "sha256:59ef3764d0fe818125a5097d2ae867ca3fa64df032331b7e0917cf5d7bf66b13",
                "sha256:5dbca4c1acd72e8eeef4753eeca07de9b1db4f398669d5994086f788a5d7cc30",
                "sha256:5de54125a92bb4d1c051c0659e6fcb75256bf799a732a87184e5ea503965bce3",
                "sha256:61c5ad4043f791b61dd4752191d9f07f0ae412515d59ba8f005832a532f8736d",
                "sha256:6374c452ff3ec675a8f46fd9ab25c4ad0ba590b71cf0656f8b6daa5202bca3fb",
                "sha256:63cc132e40a2e084cf01adf0775b15ac515ba905d7dcca47e9a251819c575ef3",
                "sha256:66108071e1b935240e74525006034333f98bcdb87ea116de573a6a0dccb6c039",
                "sha256:6dfcb5ee8d4d50c06a51c2fffa6cff6272098ad6540aed1a76d15fb9318194d8",
                "sha256:7c2875855b0ff77b2a64a0365e24455d9990730d6431b9e0ee18ad8acee13dbd",
                "sha256:7eee9e7cea6adf3e3d24e304ac6b8300646e2a5d1cd3a3c2abed9101b0846761",
                "sha256:800250ecdadb6d9c78eae4990da62743b857b470883fa27f652db8bdde7f6659",
                "sha256:86976a1c5b25ae3f8ccae3a5306e443569ee3c3faf444dfd0f41cda24667ad57",
                "sha256:8cd6d7cc958a3910f934ea8dbdf17b2364827bb4dafc38ce6eef6bb3d65ff09c",
                "sha256:99df71520d25fade9db7c1076ac94eb994f4d2673ef2aa2e86ee039b6746d20c",
                "sha256:a5a1595fe639f5988ba6a8e5bc9649af3baf26df3998a0abe56c02609392e0a4",
                "sha256:ad5b65698ab28ed8d7f18790a0dc58005c7629f227be9ecc1072aa74c0c1d43a",
                "sha256:b1d432e8d08679a40e2a6d8b2f9770a5c21793a6f9f47fdd52c5ce1948a5a8a9",
                "sha256:b8661b0238a69d7aafe156b7fa86c44b881387509653fdf857bebc5e4008ad42",
                "sha256:ba96630bc17c875161df3818780af30e43be9b166ce51c9a18c1feae342906c2",
                "sha256:bc6b93f9b966093cb0fd62ff1a7e4c09e6d546ad7c1de191767baffc57628f39",
                "sha256:c124333816c3a9b03fbeef3a9f230ba9a737e9e5bb4060aa2107a86cc0a497fc",
                "sha256:cd8d0c3be0515c12fed0bdbae072551c8b54b7192c7b1fda0ba56059a0179698",
                "sha256:d9c45366def9a3dd85a6454c0e7908f2b3b8e9c138f5dc38fed7ce720d8453ed",
                "sha256:f00d1345d84d8c86a63e476bb4955e46458b304b9575dcf71102b5c705320015",
                "sha256:f3a255b2c19987fbbe62a9dfd6cff7ff2aa9ccab3fc75218fd4b7530f01efa24",
                "sha256:fffb8ae78d8af97f849404f21411c95062db1496aeb3e56f146f0355c9989319"
            ],
            "index": "pypi",
            "markers": "python_version >= '3.9'",
            "version": "==2.2.3"
        },
        "python-dateutil": {
            "hashes": [
                "sha256:37dd54208da7e1cd875388217d5e00ebd4179249f90fb72437e91a35459a0ad3",
                "sha256:a8b2bc7bffae282281c8140a97d3aa9c14da0b136dfe83f850eea9a5f7470427"
            ],
            "markers": "python_version >= '2.7' and python_version not in '3.0, 3.1, 3.2'",
            "version": "==2.9.0.post0"
        },
        "python-levenshtein": {
            "hashes": [
                "sha256:24ba578e28058ebb4afa2700057e1678d7adf27e43cd1f17700c09a9009d5d3a",
                "sha256:8ef5e529dd640fb00f05ee62d998d2ee862f19566b641ace775d5ae16167b2ef"
            ],
            "index": "pypi",
            "markers": "python_version >= '3.9'",
            "version": "==0.26.1"
        },
        "pytz": {
            "hashes": [
                "sha256:2aa355083c50a0f93fa581709deac0c9ad65cca8a9e9beac660adcbd493c798a",
                "sha256:31c7c1817eb7fae7ca4b8c7ee50c72f93aa2dd863de768e1ef4245d426aa0725"
            ],
            "version": "==2024.2"
        },
        "rapidfuzz": {
            "hashes": [
                "sha256:00d02cbd75d283c287471b5b3738b3e05c9096150f93f2d2dfa10b3d700f2db9",
                "sha256:031f8b367e5d92f7a1e27f7322012f3c321c3110137b43cc3bf678505583ef48",
                "sha256:073a5b107e17ebd264198b78614c0206fa438cce749692af5bc5f8f484883f50",
                "sha256:0b75fe506c8e02769cc47f5ab21ce3e09b6211d3edaa8f8f27331cb6988779be",
                "sha256:0e06d99ad1ad97cb2ef7f51ec6b1fedd74a3a700e4949353871cf331d07b382a",
                "sha256:0fff4a6b87c07366662b62ae994ffbeadc472e72f725923f94b72a3db49f4671",
                "sha256:10746c1d4c8cd8881c28a87fd7ba0c9c102346dfe7ff1b0d021cdf093e9adbff",
                "sha256:1340b56340896bede246f612b6ecf685f661a56aabef3d2512481bfe23ac5835",
                "sha256:18123168cba156ab5794ea6de66db50f21bb3c66ae748d03316e71b27d907b95",
                "sha256:187d9747149321607be4ccd6f9f366730078bed806178ec3eeb31d05545e9e8f",
                "sha256:191633722203f5b7717efcb73a14f76f3b124877d0608c070b827c5226d0b972",
                "sha256:195baad28057ec9609e40385991004e470af9ef87401e24ebe72c064431524ab",
                "sha256:1996feb7a61609fa842e6b5e0c549983222ffdedaf29644cc67e479902846dfe",
                "sha256:1b35a118d61d6f008e8e3fb3a77674d10806a8972c7b8be433d6598df4d60b01",
                "sha256:1e6bbca9246d9eedaa1c84e04a7f555493ba324d52ae4d9f3d9ddd1b740dcd87",
                "sha256:1e96c84d6c2a0ca94e15acb5399118fff669f4306beb98a6d8ec6f5dccab4412",
                "sha256:2316515169b7b5a453f0ce3adbc46c42aa332cae9f2edb668e24d1fc92b2f2bb",
                "sha256:231ef1ec9cf7b59809ce3301006500b9d564ddb324635f4ea8f16b3e2a1780da",
                "sha256:237bec5dd1bfc9b40bbd786cd27949ef0c0eb5fab5eb491904c6b5df59d39d3c",
                "sha256:26f71582c0d62445067ee338ddad99b655a8f4e4ed517a90dcbfbb7d19310474",
                "sha256:2cf44d01bfe8ee605b7eaeecbc2b9ca64fc55765f17b304b40ed8995f69d7716",
                "sha256:335fee93188f8cd585552bb8057228ce0111bd227fa81bfd40b7df6b75def8ab",
                "sha256:3611c8f45379a12063d70075c75134f2a8bd2e4e9b8a7995112ddae95ca1c982",
                "sha256:365e4fc1a2b95082c890f5e98489b894e6bf8c338c6ac89bb6523c2ca6e9f086",
                "sha256:36c0e1483e21f918d0f2f26799fe5ac91c7b0c34220b73007301c4f831a9c4c7",
                "sha256:38b0dac2c8e057562b8f0d8ae5b663d2d6a28c5ab624de5b73cef9abb6129a24",
                "sha256:39c4983e2e2ccb9732f3ac7d81617088822f4a12291d416b09b8a1eadebb3e29",
                "sha256:3c3b537b97ac30da4b73930fa8a4fe2f79c6d1c10ad535c5c09726612cd6bed9",
                "sha256:425f4ac80b22153d391ee3f94bc854668a0c6c129f05cf2eaf5ee74474ddb69e",
                "sha256:440b5608ab12650d0390128d6858bc839ae77ffe5edf0b33a1551f2fa9860651",
                "sha256:4ffed25f9fdc0b287f30a98467493d1e1ce5b583f6317f70ec0263b3c97dbba6",
                "sha256:54bcf4efaaee8e015822be0c2c28214815f4f6b4f70d8362cfecbd58a71188ac",
                "sha256:565c2bd4f7d23c32834652b27b51dd711814ab614b4e12add8476be4e20d1cf5",
                "sha256:567f88180f2c1423b4fe3f3ad6e6310fc97b85bdba574801548597287fc07028",
                "sha256:5a15546d847a915b3f42dc79ef9b0c78b998b4e2c53b252e7166284066585979",
                "sha256:616290fb9a8fa87e48cb0326d26f98d4e29f17c3b762c2d586f2b35c1fd2034b",
                "sha256:65a2fa13e8a219f9b5dcb9e74abe3ced5838a7327e629f426d333dfc8c5a6e66",
                "sha256:666d5d8b17becc3f53447bcb2b6b33ce6c2df78792495d1fa82b2924cd48701a",
                "sha256:6729b856166a9e95c278410f73683957ea6100c8a9d0a8dbe434c49663689255",
                "sha256:6b2cd7c29d6ecdf0b780deb587198f13213ac01c430ada6913452fd0c40190fc",
                "sha256:6fde3bbb14e92ce8fcb5c2edfff72e474d0080cadda1c97785bf4822f037a309",
                "sha256:75561f3df9a906aaa23787e9992b228b1ab69007932dc42070f747103e177ba8",
                "sha256:779027d3307e1a2b1dc0c03c34df87a470a368a1a0840a9d2908baf2d4067956",
                "sha256:7b6015da2e707bf632a71772a2dbf0703cff6525732c005ad24987fe86e8ec32",
                "sha256:7f4f43f2204b56a61448ec2dd061e26fd344c404da99fb19f3458200c5874ba2",
                "sha256:82cac41a411e07a6f3dc80dfbd33f6be70ea0abd72e99c59310819d09f07d945",
                "sha256:8a2ef08b27167bcff230ffbfeedd4c4fa6353563d6aaa015d725dd3632fc3de7",
                "sha256:8d1b7082104d596a3eb012e0549b2634ed15015b569f48879701e9d8db959dbb",
                "sha256:8e06fe6a12241ec1b72c0566c6b28cda714d61965d86569595ad24793d1ab259",
                "sha256:9141fb0592e55f98fe9ac0f3ce883199b9c13e262e0bf40c5b18cdf926109d16",
                "sha256:92958ae075c87fef393f835ed02d4fe8d5ee2059a0934c6c447ea3417dfbf0e8",
                "sha256:958473c9f0bca250590200fd520b75be0dbdbc4a7327dc87a55b6d7dc8d68552",
                "sha256:9a0d519ff39db887cd73f4e297922786d548f5c05d6b51f4e6754f452a7f4296",
                "sha256:9d81bf186a453a2757472133b24915768abc7c3964194406ed93e170e16c21cb",
                "sha256:9da82aa4b46973aaf9e03bb4c3d6977004648c8638febfc0f9d237e865761270",
                "sha256:9ef60dfa73749ef91cb6073be1a3e135f4846ec809cc115f3cbfc6fe283a5584",
                "sha256:9f912d459e46607ce276128f52bea21ebc3e9a5ccf4cccfef30dd5bddcf47be8",
                "sha256:a1d9aa156ed52d3446388ba4c2f335e312191d1ca9d1f5762ee983cf23e4ecf6",
                "sha256:a7fbac18f2c19fc983838a60611e67e3262e36859994c26f2ee85bb268de2355",
                "sha256:aaf83e9170cb1338922ae42d320699dccbbdca8ffed07faeb0b9257822c26e24",
                "sha256:ac4452f182243cfab30ba4668ef2de101effaedc30f9faabb06a095a8c90fd16",
                "sha256:ac7adee6bcf0c6fee495d877edad1540a7e0f5fc208da03ccb64734b43522d7a",
                "sha256:b31f358a70efc143909fb3d75ac6cd3c139cd41339aa8f2a3a0ead8315731f2b",
                "sha256:ba7521e072c53e33c384e78615d0718e645cab3c366ecd3cc8cb732befd94967",
                "sha256:bc308d79a7e877226f36bdf4e149e3ed398d8277c140be5c1fd892ec41739e6d",
                "sha256:bebb7bc6aeb91cc57e4881b222484c26759ca865794187217c9dcea6c33adae6",
                "sha256:bfa48a4a2d45a41457f0840c48e579db157a927f4e97acf6e20df8fc521c79de",
                "sha256:c0c955e32afdbfdf6e9ee663d24afb25210152d98c26d22d399712d29a9b976b",
                "sha256:c34c022d5ad564f1a5a57a4a89793bd70d7bad428150fb8ff2760b223407cdcf",
                "sha256:c5da802a0d085ad81b0f62828fb55557996c497b2d0b551bbdfeafd6d447892f",
                "sha256:cf654702f144beaa093103841a2ea6910d617d0bb3fccb1d1fd63c54dde2cd49",
                "sha256:cfcc8feccf63245a22dfdd16e222f1a39771a44b870beb748117a0e09cbb4a62",
                "sha256:d02cf8e5af89a9ac8f53c438ddff6d773f62c25c6619b29db96f4aae248177c0",
                "sha256:d99c1cd9443b19164ec185a7d752f4b4db19c066c136f028991a480720472e23",
                "sha256:dfa64b89dcb906835e275187569e51aa9d546a444489e97aaf2cc84011565fbe",
                "sha256:e8e154b84a311263e1aca86818c962e1fa9eefdd643d1d5d197fcd2738f88cb9",
                "sha256:ec108bf25de674781d0a9a935030ba090c78d49def3d60f8724f3fc1e8e75024",
                "sha256:ed4f3adc1294834955b7e74edd3c6bd1aad5831c007f2d91ea839e76461a5879",
                "sha256:edd062490537e97ca125bc6c7f2b7331c2b73d21dc304615afe61ad1691e15d5",
                "sha256:efa1582a397da038e2f2576c9cd49b842f56fde37d84a6b0200ffebc08d82350",
                "sha256:f017dbfecc172e2d0c37cf9e3d519179d71a7f16094b57430dffc496a098aa17",
                "sha256:f12912acee1f506f974f58de9fdc2e62eea5667377a7e9156de53241c05fdba8",
                "sha256:f17d9f21bf2f2f785d74f7b0d407805468b4c173fa3e52c86ec94436b338e74a",
                "sha256:f1da2028cb4e41be55ee797a82d6c1cf589442504244249dfeb32efc608edee7",
                "sha256:f3bb81d4fe6a5d20650f8c0afcc8f6e1941f6fecdb434f11b874c42467baded0",
                "sha256:f98f36c6a1bb9a6c8bbec99ad87c8c0e364f34761739b5ea9adf7b48129ae8cf",
                "sha256:fc22d69a1c9cccd560a5c434c0371b2df0f47c309c635a01a913e03bbf183710",
                "sha256:fe07f8b9c3bb5c5ad1d2c66884253e03800f4189a60eb6acd6119ebaf3eb9894"
            ],
            "markers": "python_version >= '3.9'",
            "version": "==3.10.1"
        },
        "regex": {
            "hashes": [
                "sha256:02a02d2bb04fec86ad61f3ea7f49c015a0681bf76abb9857f945d26159d2968c",
                "sha256:02e28184be537f0e75c1f9b2f8847dc51e08e6e171c6bde130b2687e0c33cf60",
                "sha256:040df6fe1a5504eb0f04f048e6d09cd7c7110fef851d7c567a6b6e09942feb7d",
                "sha256:068376da5a7e4da51968ce4c122a7cd31afaaec4fccc7856c92f63876e57b51d",
                "sha256:06eb1be98df10e81ebaded73fcd51989dcf534e3c753466e4b60c4697a003b67",
                "sha256:072623554418a9911446278f16ecb398fb3b540147a7828c06e2011fa531e773",
                "sha256:086a27a0b4ca227941700e0b31425e7a28ef1ae8e5e05a33826e17e47fbfdba0",
                "sha256:08986dce1339bc932923e7d1232ce9881499a0e02925f7402fb7c982515419ef",
                "sha256:0a86e7eeca091c09e021db8eb72d54751e527fa47b8d5787caf96d9831bd02ad",
                "sha256:0c32f75920cf99fe6b6c539c399a4a128452eaf1af27f39bce8909c9a3fd8cbe",
                "sha256:0d7f453dca13f40a02b79636a339c5b62b670141e63efd511d3f8f73fba162b3",
                "sha256:1062b39a0a2b75a9c694f7a08e7183a80c63c0d62b301418ffd9c35f55aaa114",
                "sha256:13291b39131e2d002a7940fb176e120bec5145f3aeb7621be6534e46251912c4",
                "sha256:149f5008d286636e48cd0b1dd65018548944e495b0265b45e1bffecce1ef7f39",
                "sha256:164d8b7b3b4bcb2068b97428060b2a53be050085ef94eca7f240e7947f1b080e",
                "sha256:167ed4852351d8a750da48712c3930b031f6efdaa0f22fa1933716bfcd6bf4a3",
                "sha256:1c4de13f06a0d54fa0d5ab1b7138bfa0d883220965a29616e3ea61b35d5f5fc7",
                "sha256:202eb32e89f60fc147a41e55cb086db2a3f8cb82f9a9a88440dcfc5d37faae8d",
                "sha256:220902c3c5cc6af55d4fe19ead504de80eb91f786dc102fbd74894b1551f095e",
                "sha256:2b3361af3198667e99927da8b84c1b010752fa4b1115ee30beaa332cabc3ef1a",
                "sha256:2c89a8cc122b25ce6945f0423dc1352cb9593c68abd19223eebbd4e56612c5b7",
                "sha256:2d548dafee61f06ebdb584080621f3e0c23fff312f0de1afc776e2a2ba99a74f",
                "sha256:2e34b51b650b23ed3354b5a07aab37034d9f923db2a40519139af34f485f77d0",
                "sha256:32f9a4c643baad4efa81d549c2aadefaeba12249b2adc5af541759237eee1c54",
                "sha256:3a51ccc315653ba012774efca4f23d1d2a8a8f278a6072e29c7147eee7da446b",
                "sha256:3cde6e9f2580eb1665965ce9bf17ff4952f34f5b126beb509fee8f4e994f143c",
                "sha256:40291b1b89ca6ad8d3f2b82782cc33807f1406cf68c8d440861da6304d8ffbbd",
                "sha256:41758407fc32d5c3c5de163888068cfee69cb4c2be844e7ac517a52770f9af57",
                "sha256:4181b814e56078e9b00427ca358ec44333765f5ca1b45597ec7446d3a1ef6e34",
                "sha256:4f51f88c126370dcec4908576c5a627220da6c09d0bff31cfa89f2523843316d",
                "sha256:50153825ee016b91549962f970d6a4442fa106832e14c918acd1c8e479916c4f",
                "sha256:5056b185ca113c88e18223183aa1a50e66507769c9640a6ff75859619d73957b",
                "sha256:5071b2093e793357c9d8b2929dfc13ac5f0a6c650559503bb81189d0a3814519",
                "sha256:525eab0b789891ac3be914d36893bdf972d483fe66551f79d3e27146191a37d4",
                "sha256:52fb28f528778f184f870b7cf8f225f5eef0a8f6e3778529bdd40c7b3920796a",
                "sha256:5478c6962ad548b54a591778e93cd7c456a7a29f8eca9c49e4f9a806dcc5d638",
                "sha256:5670bce7b200273eee1840ef307bfa07cda90b38ae56e9a6ebcc9f50da9c469b",
                "sha256:5704e174f8ccab2026bd2f1ab6c510345ae8eac818b613d7d73e785f1310f839",
                "sha256:59dfe1ed21aea057a65c6b586afd2a945de04fc7db3de0a6e3ed5397ad491b07",
                "sha256:5e7e351589da0850c125f1600a4c4ba3c722efefe16b297de54300f08d734fbf",
                "sha256:63b13cfd72e9601125027202cad74995ab26921d8cd935c25f09c630436348ff",
                "sha256:658f90550f38270639e83ce492f27d2c8d2cd63805c65a13a14d36ca126753f0",
                "sha256:684d7a212682996d21ca12ef3c17353c021fe9de6049e19ac8481ec35574a70f",
                "sha256:69ab78f848845569401469da20df3e081e6b5a11cb086de3eed1d48f5ed57c95",
                "sha256:6f44ec28b1f858c98d3036ad5d7d0bfc568bdd7a74f9c24e25f41ef1ebfd81a4",
                "sha256:70b7fa6606c2881c1db9479b0eaa11ed5dfa11c8d60a474ff0e095099f39d98e",
                "sha256:764e71f22ab3b305e7f4c21f1a97e1526a25ebdd22513e251cf376760213da13",
                "sha256:7ab159b063c52a0333c884e4679f8d7a85112ee3078fe3d9004b2dd875585519",
                "sha256:805e6b60c54bf766b251e94526ebad60b7de0c70f70a4e6210ee2891acb70bf2",
                "sha256:8447d2d39b5abe381419319f942de20b7ecd60ce86f16a23b0698f22e1b70008",
                "sha256:86fddba590aad9208e2fa8b43b4c098bb0ec74f15718bb6a704e3c63e2cef3e9",
                "sha256:89d75e7293d2b3e674db7d4d9b1bee7f8f3d1609428e293771d1a962617150cc",
                "sha256:93c0b12d3d3bc25af4ebbf38f9ee780a487e8bf6954c115b9f015822d3bb8e48",
                "sha256:94d87b689cdd831934fa3ce16cc15cd65748e6d689f5d2b8f4f4df2065c9fa20",
                "sha256:9714398225f299aa85267fd222f7142fcb5c769e73d7733344efc46f2ef5cf89",
                "sha256:982e6d21414e78e1f51cf595d7f321dcd14de1f2881c5dc6a6e23bbbbd68435e",
                "sha256:997d6a487ff00807ba810e0f8332c18b4eb8d29463cfb7c820dc4b6e7562d0cf",
                "sha256:a03e02f48cd1abbd9f3b7e3586d97c8f7a9721c436f51a5245b3b9483044480b",
                "sha256:a36fdf2af13c2b14738f6e973aba563623cb77d753bbbd8d414d18bfaa3105dd",
                "sha256:a6ba92c0bcdf96cbf43a12c717eae4bc98325ca3730f6b130ffa2e3c3c723d84",
                "sha256:a7c2155f790e2fb448faed6dd241386719802296ec588a8b9051c1f5c481bc29",
                "sha256:a93c194e2df18f7d264092dc8539b8ffb86b45b899ab976aa15d48214138e81b",
                "sha256:abfa5080c374a76a251ba60683242bc17eeb2c9818d0d30117b4486be10c59d3",
                "sha256:ac10f2c4184420d881a3475fb2c6f4d95d53a8d50209a2500723d831036f7c45",
                "sha256:ad182d02e40de7459b73155deb8996bbd8e96852267879396fb274e8700190e3",
                "sha256:b2837718570f95dd41675328e111345f9b7095d821bac435aac173ac80b19983",
                "sha256:b489578720afb782f6ccf2840920f3a32e31ba28a4b162e13900c3e6bd3f930e",
                "sha256:b583904576650166b3d920d2bcce13971f6f9e9a396c673187f49811b2769dc7",
                "sha256:b85c2530be953a890eaffde05485238f07029600e8f098cdf1848d414a8b45e4",
                "sha256:b97c1e0bd37c5cd7902e65f410779d39eeda155800b65fc4d04cc432efa9bc6e",
                "sha256:ba9b72e5643641b7d41fa1f6d5abda2c9a263ae835b917348fc3c928182ad467",
                "sha256:bb26437975da7dc36b7efad18aa9dd4ea569d2357ae6b783bf1118dabd9ea577",
                "sha256:bb8f74f2f10dbf13a0be8de623ba4f9491faf58c24064f32b65679b021ed0001",
                "sha256:bde01f35767c4a7899b7eb6e823b125a64de314a8ee9791367c9a34d56af18d0",
                "sha256:bec9931dfb61ddd8ef2ebc05646293812cb6b16b60cf7c9511a832b6f1854b55",
                "sha256:c36f9b6f5f8649bb251a5f3f66564438977b7ef8386a52460ae77e6070d309d9",
                "sha256:cdf58d0e516ee426a48f7b2c03a332a4114420716d55769ff7108c37a09951bf",
                "sha256:d1cee317bfc014c2419a76bcc87f071405e3966da434e03e13beb45f8aced1a6",
                "sha256:d22326fcdef5e08c154280b71163ced384b428343ae16a5ab2b3354aed12436e",
                "sha256:d3660c82f209655a06b587d55e723f0b813d3a7db2e32e5e7dc64ac2a9e86fde",
                "sha256:da8f5fc57d1933de22a9e23eec290a0d8a5927a5370d24bda9a6abe50683fe62",
                "sha256:df951c5f4a1b1910f1a99ff42c473ff60f8225baa1cdd3539fe2819d9543e9df",
                "sha256:e5364a4502efca094731680e80009632ad6624084aff9a23ce8c8c6820de3e51",
                "sha256:ea1bfda2f7162605f6e8178223576856b3d791109f15ea99a9f95c16a7636fb5",
                "sha256:f02f93b92358ee3f78660e43b4b0091229260c5d5c408d17d60bf26b6c900e86",
                "sha256:f056bf21105c2515c32372bbc057f43eb02aae2fda61052e2f7622c801f0b4e2",
                "sha256:f1ac758ef6aebfc8943560194e9fd0fa18bcb34d89fd8bd2af18183afd8da3a2",
                "sha256:f2a19f302cd1ce5dd01a9099aaa19cae6173306d1302a43b627f62e21cf18ac0",
                "sha256:f654882311409afb1d780b940234208a252322c24a93b442ca714d119e68086c",
                "sha256:f65557897fc977a44ab205ea871b690adaef6b9da6afda4790a2484b04293a5f",
                "sha256:f9d1e379028e0fc2ae3654bac3cbbef81bf3fd571272a42d56c24007979bafb6",
                "sha256:fdabbfc59f2c6edba2a6622c647b716e34e8e3867e0ab975412c5c2f79b82da2",
                "sha256:fdd6028445d2460f33136c55eeb1f601ab06d74cb3347132e1c24250187500d9",
                "sha256:ff590880083d60acc0433f9c3f713c51f7ac6ebb9adf889c79a261ecf541aa91"
            ],
            "markers": "python_version >= '3.8'",
            "version": "==2024.11.6"
        },
        "scikit-learn": {
            "hashes": [
                "sha256:03b6158efa3faaf1feea3faa884c840ebd61b6484167c711548fce208ea09445",
                "sha256:178ddd0a5cb0044464fc1bfc4cca5b1833bfc7bb022d70b05db8530da4bb3dd3",
                "sha256:1ff45e26928d3b4eb767a8f14a9a6efbf1cbff7c05d1fb0f95f211a89fd4f5de",
                "sha256:299406827fb9a4f862626d0fe6c122f5f87f8910b86fe5daa4c32dcd742139b6",
                "sha256:2d4cad1119c77930b235579ad0dc25e65c917e756fe80cab96aa3b9428bd3fb0",
                "sha256:394397841449853c2290a32050382edaec3da89e35b3e03d6cc966aebc6a8ae6",
                "sha256:3a686885a4b3818d9e62904d91b57fa757fc2bed3e465c8b177be652f4dd37c8",
                "sha256:3b923d119d65b7bd555c73be5423bf06c0105678ce7e1f558cb4b40b0a5502b1",
                "sha256:3bed4909ba187aca80580fe2ef370d9180dcf18e621a27c4cf2ef10d279a7efe",
                "sha256:52788f48b5d8bca5c0736c175fa6bdaab2ef00a8f536cda698db61bd89c551c1",
                "sha256:57cc1786cfd6bd118220a92ede80270132aa353647684efa385a74244a41e3b1",
                "sha256:643964678f4b5fbdc95cbf8aec638acc7aa70f5f79ee2cdad1eec3df4ba6ead8",
                "sha256:6c16d84a0d45e4894832b3c4d0bf73050939e21b99b01b6fd59cbb0cf39163b6",
                "sha256:757c7d514ddb00ae249832fe87100d9c73c6ea91423802872d9e74970a0e40b9",
                "sha256:8c412ccc2ad9bf3755915e3908e677b367ebc8d010acbb3f182814524f2e5540",
                "sha256:b0768ad641981f5d3a198430a1d31c3e044ed2e8a6f22166b4d546a5116d7908",
                "sha256:b4237ed7b3fdd0a4882792e68ef2545d5baa50aca3bb45aa7df468138ad8f94d",
                "sha256:b7b0f9a0b1040830d38c39b91b3a44e1b643f4b36e36567b80b7c6bd2202a27f",
                "sha256:c15b1ca23d7c5f33cc2cb0a0d6aaacf893792271cddff0edbd6a40e8319bc113",
                "sha256:ca64b3089a6d9b9363cd3546f8978229dcbb737aceb2c12144ee3f70f95684b7",
                "sha256:e9a702e2de732bbb20d3bad29ebd77fc05a6b427dc49964300340e4c9328b3f5",
                "sha256:f60021ec1574e56632be2a36b946f8143bf4e5e6af4a06d85281adc22938e0dd",
                "sha256:f7284ade780084d94505632241bf78c44ab3b6f1e8ccab3d2af58e0e950f9c12",
                "sha256:f763897fe92d0e903aa4847b0aec0e68cadfff77e8a0687cabd946c89d17e675",
                "sha256:f8b0ccd4a902836493e026c03256e8b206656f91fbcc4fde28c57a5b752561f1",
                "sha256:f932a02c3f4956dfb981391ab24bda1dbd90fe3d628e4b42caef3e041c67707a"
            ],
            "index": "pypi",
            "markers": "python_version >= '3.9'",
            "version": "==1.5.2"
        },
        "scipy": {
            "hashes": [
                "sha256:0c2f95de3b04e26f5f3ad5bb05e74ba7f68b837133a4492414b3afd79dfe540e",
                "sha256:1729560c906963fc8389f6aac023739ff3983e727b1a4d87696b7bf108316a79",
                "sha256:278266012eb69f4a720827bdd2dc54b2271c97d84255b2faaa8f161a158c3b37",
                "sha256:2843f2d527d9eebec9a43e6b406fb7266f3af25a751aa91d62ff416f54170bc5",
                "sha256:2da0469a4ef0ecd3693761acbdc20f2fdeafb69e6819cc081308cc978153c675",
                "sha256:2ff0a7e01e422c15739ecd64432743cf7aae2b03f3084288f399affcefe5222d",
                "sha256:2ff38e22128e6c03ff73b6bb0f85f897d2362f8c052e3b8ad00532198fbdae3f",
                "sha256:30ac8812c1d2aab7131a79ba62933a2a76f582d5dbbc695192453dae67ad6310",
                "sha256:3a1b111fac6baec1c1d92f27e76511c9e7218f1695d61b59e05e0fe04dc59617",
                "sha256:4079b90df244709e675cdc8b93bfd8a395d59af40b72e339c2287c91860deb8e",
                "sha256:5149e3fd2d686e42144a093b206aef01932a0059c2a33ddfa67f5f035bdfe13e",
                "sha256:5a275584e726026a5699459aa72f828a610821006228e841b94275c4a7c08417",
                "sha256:631f07b3734d34aced009aaf6fedfd0eb3498a97e581c3b1e5f14a04164a456d",
                "sha256:716e389b694c4bb564b4fc0c51bc84d381735e0d39d3f26ec1af2556ec6aad94",
                "sha256:8426251ad1e4ad903a4514712d2fa8fdd5382c978010d1c6f5f37ef286a713ad",
                "sha256:8475230e55549ab3f207bff11ebfc91c805dc3463ef62eda3ccf593254524ce8",
                "sha256:8bddf15838ba768bb5f5083c1ea012d64c9a444e16192762bd858f1e126196d0",
                "sha256:8e32dced201274bf96899e6491d9ba3e9a5f6b336708656466ad0522d8528f69",
                "sha256:8f9ea80f2e65bdaa0b7627fb00cbeb2daf163caa015e59b7516395fe3bd1e066",
                "sha256:97c5dddd5932bd2a1a31c927ba5e1463a53b87ca96b5c9bdf5dfd6096e27efc3",
                "sha256:a49f6ed96f83966f576b33a44257d869756df6cf1ef4934f59dd58b25e0327e5",
                "sha256:af29a935803cc707ab2ed7791c44288a682f9c8107bc00f0eccc4f92c08d6e07",
                "sha256:b05d43735bb2f07d689f56f7b474788a13ed8adc484a85aa65c0fd931cf9ccd2",
                "sha256:b28d2ca4add7ac16ae8bb6632a3c86e4b9e4d52d3e34267f6e1b0c1f8d87e389",
                "sha256:b99722ea48b7ea25e8e015e8341ae74624f72e5f21fc2abd45f3a93266de4c5d",
                "sha256:baff393942b550823bfce952bb62270ee17504d02a1801d7fd0719534dfb9c84",
                "sha256:c0ee987efa6737242745f347835da2cc5bb9f1b42996a4d97d5c7ff7928cb6f2",
                "sha256:d0d2821003174de06b69e58cef2316a6622b60ee613121199cb2852a873f8cf3",
                "sha256:e0cf28db0f24a38b2a0ca33a85a54852586e43cf6fd876365c86e0657cfe7d73",
                "sha256:e4f5a7c49323533f9103d4dacf4e4f07078f360743dec7f7596949149efeec06",
                "sha256:eb58ca0abd96911932f688528977858681a59d61a7ce908ffd355957f7025cfc",
                "sha256:edaf02b82cd7639db00dbff629995ef185c8df4c3ffa71a5562a595765a06ce1",
                "sha256:fef8c87f8abfb884dac04e97824b61299880c43f4ce675dd2cbeadd3c9b466d2"
            ],
            "markers": "python_version >= '3.10'",
            "version": "==1.14.1"
        },
        "six": {
            "hashes": [
                "sha256:1e61c37477a1626458e36f7b1d82aa5c9b094fa4802892072e49de9c60c4c926",
                "sha256:8abb2f1d86890a2dfb989f9a77cfcfd3e47c2a354b01111771326f8aa26e0254"
            ],
            "markers": "python_version >= '2.7' and python_version not in '3.0, 3.1, 3.2'",
            "version": "==1.16.0"
        },
        "threadpoolctl": {
            "hashes": [
                "sha256:082433502dd922bf738de0d8bcc4fdcbf0979ff44c42bd40f5af8a282f6fa107",
                "sha256:56c1e26c150397e58c4926da8eeee87533b1e32bef131bd4bf6a2f45f3185467"
            ],
            "markers": "python_version >= '3.8'",
            "version": "==3.5.0"
        },
        "tqdm": {
            "hashes": [
                "sha256:26445eca388f82e72884e0d580d5464cd801a3ea01e63e5601bdff9ba6a48de2",
                "sha256:f8aef9c52c08c13a65f30ea34f4e5aac3fd1a34959879d7e59e63027286627f2"
            ],
            "markers": "python_version >= '3.7'",
            "version": "==4.67.1"
        },
        "tzdata": {
            "hashes": [
                "sha256:7d85cc416e9382e69095b7bdf4afd9e3880418a2413feec7069d533d6b4e31cc",
                "sha256:a48093786cdcde33cad18c2555e8532f34422074448fbc874186f0abd79565cd"
            ],
            "markers": "python_version >= '2'",
            "version": "==2024.2"
        }
    },
    "develop": {}
}
